// !$*UTF8*$!
{
	archiveVersion = 1;
	classes = {
	};
	objectVersion = 46;
	objects = {

/* Begin PBXBuildFile section */
		845966761BC763CD006B3718 /* main.m in Sources */ = {isa = PBXBuildFile; fileRef = 845966751BC763CD006B3718 /* main.m */; };
		845966791BC763CD006B3718 /* AppDelegate.m in Sources */ = {isa = PBXBuildFile; fileRef = 845966781BC763CD006B3718 /* AppDelegate.m */; };
		8459667C1BC763CD006B3718 /* ViewController.m in Sources */ = {isa = PBXBuildFile; fileRef = 8459667B1BC763CD006B3718 /* ViewController.m */; };
		8459667F1BC763CD006B3718 /* Main.storyboard in Resources */ = {isa = PBXBuildFile; fileRef = 8459667D1BC763CD006B3718 /* Main.storyboard */; };
		845966811BC763CD006B3718 /* Assets.xcassets in Resources */ = {isa = PBXBuildFile; fileRef = 845966801BC763CD006B3718 /* Assets.xcassets */; };
		845966841BC763CD006B3718 /* LaunchScreen.storyboard in Resources */ = {isa = PBXBuildFile; fileRef = 845966821BC763CD006B3718 /* LaunchScreen.storyboard */; };
		8459668E1BC76815006B3718 /* NSArray+Log.m in Sources */ = {isa = PBXBuildFile; fileRef = 8459668D1BC76815006B3718 /* NSArray+Log.m */; settings = {ASSET_TAGS = (); }; };
		845966911BC768C7006B3718 /* NSString+Regex.m in Sources */ = {isa = PBXBuildFile; fileRef = 845966901BC768C7006B3718 /* NSString+Regex.m */; settings = {ASSET_TAGS = (); }; };
/* End PBXBuildFile section */

/* Begin PBXFileReference section */
		845966711BC763CD006B3718 /* 爬虫测试.app */ = {isa = PBXFileReference; explicitFileType = wrapper.application; includeInIndex = 0; path = "爬虫测试.app"; sourceTree = BUILT_PRODUCTS_DIR; };
		845966751BC763CD006B3718 /* main.m */ = {isa = PBXFileReference; lastKnownFileType = sourcecode.c.objc; path = main.m; sourceTree = "<group>"; };
		845966771BC763CD006B3718 /* AppDelegate.h */ = {isa = PBXFileReference; lastKnownFileType = sourcecode.c.h; path = AppDelegate.h; sourceTree = "<group>"; };
		845966781BC763CD006B3718 /* AppDelegate.m */ = {isa = PBXFileReference; lastKnownFileType = sourcecode.c.objc; path = AppDelegate.m; sourceTree = "<group>"; };
		8459667A1BC763CD006B3718 /* ViewController.h */ = {isa = PBXFileReference; lastKnownFileType = sourcecode.c.h; path = ViewController.h; sourceTree = "<group>"; };
		8459667B1BC763CD006B3718 /* ViewController.m */ = {isa = PBXFileReference; lastKnownFileType = sourcecode.c.objc; path = ViewController.m; sourceTree = "<group>"; };
		8459667E1BC763CD006B3718 /* Base */ = {isa = PBXFileReference; lastKnownFileType = file.storyboard; name = Base; path = Base.lproj/Main.storyboard; sourceTree = "<group>"; };
		845966801BC763CD006B3718 /* Assets.xcassets */ = {isa = PBXFileReference; lastKnownFileType = folder.assetcatalog; path = Assets.xcassets; sourceTree = "<group>"; };
		845966831BC763CD006B3718 /* Base */ = {isa = PBXFileReference; lastKnownFileType = file.storyboard; name = Base; path = Base.lproj/LaunchScreen.storyboard; sourceTree = "<group>"; };
		845966851BC763CD006B3718 /* Info.plist */ = {isa = PBXFileReference; lastKnownFileType = text.plist.xml; path = Info.plist; sourceTree = "<group>"; };
		8459668C1BC76815006B3718 /* NSArray+Log.h */ = {isa = PBXFileReference; fileEncoding = 4; lastKnownFileType = sourcecode.c.h; path = "NSArray+Log.h"; sourceTree = "<group>"; };
		8459668D1BC76815006B3718 /* NSArray+Log.m */ = {isa = PBXFileReference; fileEncoding = 4; lastKnownFileType = sourcecode.c.objc; path = "NSArray+Log.m"; sourceTree = "<group>"; };
		8459668F1BC768C7006B3718 /* NSString+Regex.h */ = {isa = PBXFileReference; fileEncoding = 4; lastKnownFileType = sourcecode.c.h; path = "NSString+Regex.h"; sourceTree = "<group>"; };
		845966901BC768C7006B3718 /* NSString+Regex.m */ = {isa = PBXFileReference; fileEncoding = 4; lastKnownFileType = sourcecode.c.objc; path = "NSString+Regex.m"; sourceTree = "<group>"; };
/* End PBXFileReference section */

/* Begin PBXFrameworksBuildPhase section */
		8459666E1BC763CD006B3718 /* Frameworks */ = {
			isa = PBXFrameworksBuildPhase;
			buildActionMask = 2147483647;
			files = (
			);
			runOnlyForDeploymentPostprocessing = 0;
		};
/* End PBXFrameworksBuildPhase section */

/* Begin PBXGroup section */
		845966681BC763CD006B3718 = {
			isa = PBXGroup;
			children = (
				845966731BC763CD006B3718 /* 爬虫测试 */,
				845966721BC763CD006B3718 /* Products */,
			);
			sourceTree = "<group>";
		};
		845966721BC763CD006B3718 /* Products */ = {
			isa = PBXGroup;
			children = (
				845966711BC763CD006B3718 /* 爬虫测试.app */,
			);
			name = Products;
			sourceTree = "<group>";
		};
		845966731BC763CD006B3718 /* 爬虫测试 */ = {
			isa = PBXGroup;
			children = (
				8459668B1BC76815006B3718 /* Log */,
				845966771BC763CD006B3718 /* AppDelegate.h */,
				845966781BC763CD006B3718 /* AppDelegate.m */,
				8459667A1BC763CD006B3718 /* ViewController.h */,
				8459667B1BC763CD006B3718 /* ViewController.m */,
				8459667D1BC763CD006B3718 /* Main.storyboard */,
				845966801BC763CD006B3718 /* Assets.xcassets */,
				845966821BC763CD006B3718 /* LaunchScreen.storyboard */,
				845966851BC763CD006B3718 /* Info.plist */,
				845966741BC763CD006B3718 /* Supporting Files */,
			);
			path = "爬虫测试";
			sourceTree = "<group>";
		};
		845966741BC763CD006B3718 /* Supporting Files */ = {
			isa = PBXGroup;
			children = (
				845966751BC763CD006B3718 /* main.m */,
			);
			name = "Supporting Files";
			sourceTree = "<group>";
		};
		8459668B1BC76815006B3718 /* Log */ = {
			isa = PBXGroup;
			children = (
				8459668C1BC76815006B3718 /* NSArray+Log.h */,
				8459668D1BC76815006B3718 /* NSArray+Log.m */,
				8459668F1BC768C7006B3718 /* NSString+Regex.h */,
				845966901BC768C7006B3718 /* NSString+Regex.m */,
			);
			path = Log;
			sourceTree = "<group>";
		};
/* End PBXGroup section */

/* Begin PBXNativeTarget section */
		845966701BC763CD006B3718 /* 爬虫测试 */ = {
			isa = PBXNativeTarget;
			buildConfigurationList = 845966881BC763CD006B3718 /* Build configuration list for PBXNativeTarget "爬虫测试" */;
			buildPhases = (
				8459666D1BC763CD006B3718 /* Sources */,
				8459666E1BC763CD006B3718 /* Frameworks */,
				8459666F1BC763CD006B3718 /* Resources */,
			);
			buildRules = (
			);
			dependencies = (
			);
			name = "爬虫测试";
			productName = "爬虫测试";
			productReference = 845966711BC763CD006B3718 /* 爬虫测试.app */;
			productType = "com.apple.product-type.application";
		};
/* End PBXNativeTarget section */

/* Begin PBXProject section */
		845966691BC763CD006B3718 /* Project object */ = {
			isa = PBXProject;
			attributes = {
				LastUpgradeCheck = 0700;
				ORGANIZATIONNAME = Jefferson;
				TargetAttributes = {
					845966701BC763CD006B3718 = {
						CreatedOnToolsVersion = 7.0;
						DevelopmentTeam = TH9KN2TTBL;
					};
				};
			};
			buildConfigurationList = 8459666C1BC763CD006B3718 /* Build configuration list for PBXProject "爬虫测试" */;
			compatibilityVersion = "Xcode 3.2";
			developmentRegion = English;
			hasScannedForEncodings = 0;
			knownRegions = (
				en,
				Base,
			);
			mainGroup = 845966681BC763CD006B3718;
			productRefGroup = 845966721BC763CD006B3718 /* Products */;
			projectDirPath = "";
			projectRoot = "";
			targets = (
				845966701BC763CD006B3718 /* 爬虫测试 */,
			);
		};
/* End PBXProject section */

/* Begin PBXResourcesBuildPhase section */
		8459666F1BC763CD006B3718 /* Resources */ = {
			isa = PBXResourcesBuildPhase;
			buildActionMask = 2147483647;
			files = (
				845966841BC763CD006B3718 /* LaunchScreen.storyboard in Resources */,
				845966811BC763CD006B3718 /* Assets.xcassets in Resources */,
				8459667F1BC763CD006B3718 /* Main.storyboard in Resources */,
			);
			runOnlyForDeploymentPostprocessing = 0;
		};
/* End PBXResourcesBuildPhase section */

/* Begin PBXSourcesBuildPhase section */
		8459666D1BC763CD006B3718 /* Sources */ = {
			isa = PBXSourcesBuildPhase;
			buildActionMask = 2147483647;
			files = (
				845966911BC768C7006B3718 /* NSString+Regex.m in Sources */,
				8459667C1BC763CD006B3718 /* ViewController.m in Sources */,
				8459668E1BC76815006B3718 /* NSArray+Log.m in Sources */,
				845966791BC763CD006B3718 /* AppDelegate.m in Sources */,
				845966761BC763CD006B3718 /* main.m in Sources */,
			);
			runOnlyForDeploymentPostprocessing = 0;
		};
/* End PBXSourcesBuildPhase section */

/* Begin PBXVariantGroup section */
		8459667D1BC763CD006B3718 /* Main.storyboard */ = {
			isa = PBXVariantGroup;
			children = (
				8459667E1BC763CD006B3718 /* Base */,
			);
			name = Main.storyboard;
			sourceTree = "<group>";
		};
		845966821BC763CD006B3718 /* LaunchScreen.storyboard */ = {
			isa = PBXVariantGroup;
			children = (
				845966831BC763CD006B3718 /* Base */,
			);
			name = LaunchScreen.storyboard;
			sourceTree = "<group>";
		};
/* End PBXVariantGroup section */

/* Begin XCBuildConfiguration section */
		845966861BC763CD006B3718 /* Debug */ = {
			isa = XCBuildConfiguration;
			buildSettings = {
				ALWAYS_SEARCH_USER_PATHS = NO;
				CLANG_CXX_LANGUAGE_STANDARD = "gnu++0x";
				CLANG_CXX_LIBRARY = "libc++";
				CLANG_ENABLE_MODULES = YES;
				CLANG_ENABLE_OBJC_ARC = YES;
				CLANG_WARN_BOOL_CONVERSION = YES;
				CLANG_WARN_CONSTANT_CONVERSION = YES;
				CLANG_WARN_DIRECT_OBJC_ISA_USAGE = YES_ERROR;
				CLANG_WARN_EMPTY_BODY = YES;
				CLANG_WARN_ENUM_CONVERSION = YES;
				CLANG_WARN_INT_CONVERSION = YES;
				CLANG_WARN_OBJC_ROOT_CLASS = YES_ERROR;
				CLANG_WARN_UNREACHABLE_CODE = YES;
				CLANG_WARN__DUPLICATE_METHOD_MATCH = YES;
				"CODE_SIGN_IDENTITY[sdk=iphoneos*]" = "iPhone Developer";
				COPY_PHASE_STRIP = NO;
				DEBUG_INFORMATION_FORMAT = dwarf;
				ENABLE_STRICT_OBJC_MSGSEND = YES;
				ENABLE_TESTABILITY = YES;
				GCC_C_LANGUAGE_STANDARD = gnu99;
				GCC_DYNAMIC_NO_PIC = NO;
				GCC_NO_COMMON_BLOCKS = YES;
				GCC_OPTIMIZATION_LEVEL = 0;
				GCC_PREPROCESSOR_DEFINITIONS = (
					"DEBUG=1",
					"$(inherited)",
				);
				GCC_WARN_64_TO_32_BIT_CONVERSION = YES;
				GCC_WARN_ABOUT_RETURN_TYPE = YES_ERROR;
				GCC_WARN_UNDECLARED_SELECTOR = YES;
				GCC_WARN_UNINITIALIZED_AUTOS = YES_AGGRESSIVE;
				GCC_WARN_UNUSED_FUNCTION = YES;
				GCC_WARN_UNUSED_VARIABLE = YES;
				IPHONEOS_DEPLOYMENT_TARGET = 9.0;
				MTL_ENABLE_DEBUG_INFO = YES;
				ONLY_ACTIVE_ARCH = YES;
				SDKROOT = iphoneos;
				TARGETED_DEVICE_FAMILY = "1,2";
			};
			name = Debug;
		};
		845966871BC763CD006B3718 /* Release */ = {
			isa = XCBuildConfiguration;
			buildSettings = {
				ALWAYS_SEARCH_USER_PATHS = NO;
				CLANG_CXX_LANGUAGE_STANDARD = "gnu++0x";
				CLANG_CXX_LIBRARY = "libc++";
				CLANG_ENABLE_MODULES = YES;
				CLANG_ENABLE_OBJC_ARC = YES;
				CLANG_WARN_BOOL_CONVERSION = YES;
				CLANG_WARN_CONSTANT_CONVERSION = YES;
				CLANG_WARN_DIRECT_OBJC_ISA_USAGE = YES_ERROR;
				CLANG_WARN_EMPTY_BODY = YES;
				CLANG_WARN_ENUM_CONVERSION = YES;
				CLANG_WARN_INT_CONVERSION = YES;
				CLANG_WARN_OBJC_ROOT_CLASS = YES_ERROR;
				CLANG_WARN_UNREACHABLE_CODE = YES;
				CLANG_WARN__DUPLICATE_METHOD_MATCH = YES;
				"CODE_SIGN_IDENTITY[sdk=iphoneos*]" = "iPhone Developer";
				COPY_PHASE_STRIP = NO;
				DEBUG_INFORMATION_FORMAT = "dwarf-with-dsym";
				ENABLE_NS_ASSERTIONS = NO;
				ENABLE_STRICT_OBJC_MSGSEND = YES;
				GCC_C_LANGUAGE_STANDARD = gnu99;
				GCC_NO_COMMON_BLOCKS = YES;
				GCC_WARN_64_TO_32_BIT_CONVERSION = YES;
				GCC_WARN_ABOUT_RETURN_TYPE = YES_ERROR;
				GCC_WARN_UNDECLARED_SELECTOR = YES;
				GCC_WARN_UNINITIALIZED_AUTOS = YES_AGGRESSIVE;
				GCC_WARN_UNUSED_FUNCTION = YES;
				GCC_WARN_UNUSED_VARIABLE = YES;
				IPHONEOS_DEPLOYMENT_TARGET = 9.0;
				MTL_ENABLE_DEBUG_INFO = NO;
				SDKROOT = iphoneos;
				TARGETED_DEVICE_FAMILY = "1,2";
				VALIDATE_PRODUCT = YES;
			};
			name = Release;
		};
		845966891BC763CD006B3718 /* Debug */ = {
			isa = XCBuildConfiguration;
			buildSettings = {
				ASSETCATALOG_COMPILER_APPICON_NAME = AppIcon;
				INFOPLIST_FILE = "爬虫测试/Info.plist";
				LD_RUNPATH_SEARCH_PATHS = "$(inherited) @executable_path/Frameworks";
				PRODUCT_BUNDLE_IDENTIFIER = "me.wuzer.----";
				PRODUCT_NAME = "$(TARGET_NAME)";
			};
			name = Debug;
		};
		8459668A1BC763CD006B3718 /* Release */ = {
			isa = XCBuildConfiguration;
			buildSettings = {
				ASSETCATALOG_COMPILER_APPICON_NAME = AppIcon;
				INFOPLIST_FILE = "爬虫测试/Info.plist";
				LD_RUNPATH_SEARCH_PATHS = "$(inherited) @executable_path/Frameworks";
				PRODUCT_BUNDLE_IDENTIFIER = "me.wuzer.----";
				PRODUCT_NAME = "$(TARGET_NAME)";
			};
			name = Release;
		};
/* End XCBuildConfiguration section */

/* Begin XCConfigurationList section */
		8459666C1BC763CD006B3718 /* Build configuration list for PBXProject "爬虫测试" */ = {
			isa = XCConfigurationList;
			buildConfigurations = (
				845966861BC763CD006B3718 /* Debug */,
				845966871BC763CD006B3718 /* Release */,
			);
			defaultConfigurationIsVisible = 0;
			defaultConfigurationName = Release;
		};
		845966881BC763CD006B3718 /* Build configuration list for PBXNativeTarget "爬虫测试" */ = {
			isa = XCConfigurationList;
			buildConfigurations = (
				845966891BC763CD006B3718 /* Debug */,
				8459668A1BC763CD006B3718 /* Release */,
			);
			defaultConfigurationIsVisible = 0;
		};
/* End XCConfigurationList section */
	};
	rootObject = 845966691BC763CD006B3718 /* Project object */;
}
